
Microsoft Visual Studio Solution File, Format Version 12.00
# Visual Studio Version 16
VisualStudioVersion = 16.0.30717.126
MinimumVisualStudioVersion = 10.0.40219.1
Project("{9A19103F-16F7-4668-BE54-9A1E7A4F7556}") = "Backend5", "Backend5\Backend5.csproj", "{02716A3E-C155-4F4F-BB8F-935C37F638E1}"
EndProject
Global
	GlobalSection(SolutionConfigurationPlatforms) = preSolution
		Debug|Any CPU = Debug|Any CPU
		Debug|x64 = Debug|x64
		Release|Any CPU = Release|Any CPU
		Release|x64 = Release|x64
	EndGlobalSection
	GlobalSection(ProjectConfigurationPlatforms) = postSolution
		{02716A3E-C155-4F4F-BB8F-935C37F638E1}.Debug|Any CPU.ActiveCfg = Debug|Any CPU
		{02716A3E-C155-4F4F-BB8F-935C37F638E1}.Debug|Any CPU.Build.0 = Debug|Any CPU
		{02716A3E-C155-4F4F-BB8F-935C37F638E1}.Debug|x64.ActiveCfg = Debug|x64
		{02716A3E-C155-4F4F-BB8F-935C37F638E1}.Debug|x64.Build.0 = Debug|x64
		{02716A3E-C155-4F4F-BB8F-935C37F638E1}.Release|Any CPU.ActiveCfg = Release|Any CPU
		{02716A3E-C155-4F4F-BB8F-935C37F638E1}.Release|Any CPU.Build.0 = Release|Any CPU
		{02716A3E-C155-4F4F-BB8F-935C37F638E1}.Release|x64.ActiveCfg = Release|x64
		{02716A3E-C155-4F4F-BB8F-935C37F638E1}.Release|x64.Build.0 = Release|x64
	EndGlobalSection
	GlobalSection(SolutionProperties) = preSolution
		HideSolutionNode = FALSE
	EndGlobalSection
	GlobalSection(ExtensibilityGlobals) = postSolution
		SolutionGuid = {834DF180-8093-4920-ACE4-DDBC8F6F037C}
	EndGlobalSection
EndGlobal
